
Microsoft Visual Studio Solution File, Format Version 12.00
# Visual Studio Version 16
VisualStudioVersion = 16.0.29709.97
MinimumVisualStudioVersion = 10.0.40219.1
Project("{9A19103F-16F7-4668-BE54-9A1E7A4F7556}") = "ExploreCalifornia.Website", "ExploreCalifornia.Website\ExploreCalifornia.Website.csproj", "{423D9240-02E1-4242-A17A-C6AACC8839E3}"
EndProject
Global
	GlobalSection(SolutionConfigurationPlatforms) = preSolution
		Debug|Any CPU = Debug|Any CPU
		Release|Any CPU = Release|Any CPU
	EndGlobalSection
	GlobalSection(ProjectConfigurationPlatforms) = postSolution
		{423D9240-02E1-4242-A17A-C6AACC8839E3}.Debug|Any CPU.ActiveCfg = Debug|Any CPU
		{423D9240-02E1-4242-A17A-C6AACC8839E3}.Debug|Any CPU.Build.0 = Debug|Any CPU
		{423D9240-02E1-4242-A17A-C6AACC8839E3}.Release|Any CPU.ActiveCfg = Release|Any CPU
		{423D9240-02E1-4242-A17A-C6AACC8839E3}.Release|Any CPU.Build.0 = Release|Any CPU
	EndGlobalSection
	GlobalSection(SolutionProperties) = preSolution
		HideSolutionNode = FALSE
	EndGlobalSection
	GlobalSection(ExtensibilityGlobals) = postSolution
		SolutionGuid = {C26D0018-017A-482E-A6EF-ABC9316DE03B}
	EndGlobalSection
EndGlobal
