
Microsoft Visual Studio Solution File, Format Version 12.00
# Visual Studio Version 16
VisualStudioVersion = 16.0.29728.190
MinimumVisualStudioVersion = 10.0.40219.1
Project("{FAE04EC0-301F-11D3-BF4B-00C04F79EFBC}") = "ExploreCalifornia.MVP", "ExploreCalifornia.MVP\ExploreCalifornia.MVP.csproj", "{44306A61-D652-4ECA-913E-36565F401120}"
EndProject
Global
	GlobalSection(SolutionConfigurationPlatforms) = preSolution
		Debug|Any CPU = Debug|Any CPU
		Release|Any CPU = Release|Any CPU
	EndGlobalSection
	GlobalSection(ProjectConfigurationPlatforms) = postSolution
		{44306A61-D652-4ECA-913E-36565F401120}.Debug|Any CPU.ActiveCfg = Debug|Any CPU
		{44306A61-D652-4ECA-913E-36565F401120}.Debug|Any CPU.Build.0 = Debug|Any CPU
		{44306A61-D652-4ECA-913E-36565F401120}.Release|Any CPU.ActiveCfg = Release|Any CPU
		{44306A61-D652-4ECA-913E-36565F401120}.Release|Any CPU.Build.0 = Release|Any CPU
	EndGlobalSection
	GlobalSection(SolutionProperties) = preSolution
		HideSolutionNode = FALSE
	EndGlobalSection
	GlobalSection(ExtensibilityGlobals) = postSolution
		SolutionGuid = {348E6114-432C-47CC-B84A-BE0E9677B53B}
	EndGlobalSection
EndGlobal
