
Microsoft Visual Studio Solution File, Format Version 12.00
# Visual Studio Version 16
VisualStudioVersion = 16.0.29709.97
MinimumVisualStudioVersion = 10.0.40219.1
Project("{FAE04EC0-301F-11D3-BF4B-00C04F79EFBC}") = "ExploreCalifornia.ToursService", "ExploreCalifornia.ToursService\ExploreCalifornia.ToursService.csproj", "{8BEACA96-5178-4181-90B9-3C06411E67AD}"
EndProject
Global
	GlobalSection(SolutionConfigurationPlatforms) = preSolution
		Debug|Any CPU = Debug|Any CPU
		Release|Any CPU = Release|Any CPU
	EndGlobalSection
	GlobalSection(ProjectConfigurationPlatforms) = postSolution
		{8BEACA96-5178-4181-90B9-3C06411E67AD}.Debug|Any CPU.ActiveCfg = Debug|Any CPU
		{8BEACA96-5178-4181-90B9-3C06411E67AD}.Debug|Any CPU.Build.0 = Debug|Any CPU
		{8BEACA96-5178-4181-90B9-3C06411E67AD}.Release|Any CPU.ActiveCfg = Release|Any CPU
		{8BEACA96-5178-4181-90B9-3C06411E67AD}.Release|Any CPU.Build.0 = Release|Any CPU
	EndGlobalSection
	GlobalSection(SolutionProperties) = preSolution
		HideSolutionNode = FALSE
	EndGlobalSection
	GlobalSection(ExtensibilityGlobals) = postSolution
		SolutionGuid = {A9F834E5-BA8C-4AFB-BEBC-483ED2855CAC}
	EndGlobalSection
EndGlobal
