
Microsoft Visual Studio Solution File, Format Version 12.00
# Visual Studio Version 16
VisualStudioVersion = 16.0.29709.97
MinimumVisualStudioVersion = 10.0.40219.1
Project("{FAE04EC0-301F-11D3-BF4B-00C04F79EFBC}") = "ExploreCalifornia.TravelAgentService", "ExploreCalifornia.TravelAgentService\ExploreCalifornia.TravelAgentService.csproj", "{00815FC6-47E3-4949-BC96-2DEDF22DD407}"
EndProject
Global
	GlobalSection(SolutionConfigurationPlatforms) = preSolution
		Debug|Any CPU = Debug|Any CPU
		Release|Any CPU = Release|Any CPU
	EndGlobalSection
	GlobalSection(ProjectConfigurationPlatforms) = postSolution
		{00815FC6-47E3-4949-BC96-2DEDF22DD407}.Debug|Any CPU.ActiveCfg = Debug|Any CPU
		{00815FC6-47E3-4949-BC96-2DEDF22DD407}.Debug|Any CPU.Build.0 = Debug|Any CPU
		{00815FC6-47E3-4949-BC96-2DEDF22DD407}.Release|Any CPU.ActiveCfg = Release|Any CPU
		{00815FC6-47E3-4949-BC96-2DEDF22DD407}.Release|Any CPU.Build.0 = Release|Any CPU
	EndGlobalSection
	GlobalSection(SolutionProperties) = preSolution
		HideSolutionNode = FALSE
	EndGlobalSection
	GlobalSection(ExtensibilityGlobals) = postSolution
		SolutionGuid = {759BDD51-AF4A-4529-BAD5-91597E29EAA6}
	EndGlobalSection
EndGlobal
